{
  "name": "backend",
  "version": "1.0.0",
  "lockfileVersion": 3,
  "requires": true,
  "packages": {
    "": {
      "name": "backend",
      "version": "1.0.0",
      "license": "ISC",
      "dependencies": {
        "backend-cal-b14": "^1.0.0"
      }
    },
    "node_modules/backend-cal-b14": {
      "version": "1.0.0",
      "resolved": "https://registry.npmjs.org/backend-cal-b14/-/backend-cal-b14-1.0.0.tgz",
      "integrity": "sha512-rtFDVQVi56IOfghLF+ZK0HcK+qVjnWOgkw49nvEWmcqf7Strts/iJJCeV1IHaUn5/ppQUQ067SVScaenV6zyVA==",
      "license": "ISC"
    }
  }
}
